
Microsoft Visual Studio Solution File, Format Version 12.00
# Visual Studio Version 17
VisualStudioVersion = 17.4.33110.190
MinimumVisualStudioVersion = 10.0.40219.1
Project("{9A19103F-16F7-4668-BE54-9A1E7A4F7556}") = "WebApi", "WebApi\WebApi.csproj", "{59B93B6F-4741-4006-B42C-F947AB00069D}"
EndProject
Project("{9A19103F-16F7-4668-BE54-9A1E7A4F7556}") = "RazorPageOidcClient", "RazorPageOidcClient\RazorPageOidcClient.csproj", "{ECE96C55-7D8A-4790-81D5-DD6C71FAB16D}"
EndProject
Project("{9A19103F-16F7-4668-BE54-9A1E7A4F7556}") = "StsServerIdentityT2", "StsT2\StsServerIdentityT2.csproj", "{3A861284-4DF3-43C6-AC93-E6AD1BF3897A}"
EndProject
Project("{9A19103F-16F7-4668-BE54-9A1E7A4F7556}") = "RazorPageOidcClientT2", "RazorPageOidcClientT2\RazorPageOidcClientT2.csproj", "{58C5E3F2-D093-46CB-9BE4-17053B7B3A39}"
EndProject
Project("{2150E333-8FDC-42A3-9474-1A3956D46DE8}") = "Solution Items", "Solution Items", "{395809EB-F9B0-4B2C-9C7C-9B9F9BD31AE1}"
	ProjectSection(SolutionItems) = preProject
		.github\workflows\dotnet.yml = .github\workflows\dotnet.yml
		README.md = README.md
	EndProjectSection
EndProject
Project("{9A19103F-16F7-4668-BE54-9A1E7A4F7556}") = "IdentityProvider", "IdentityProvider\IdentityProvider.csproj", "{D92D2BCD-21FA-4DF6-91DE-47E6EA03B943}"
EndProject
Global
	GlobalSection(SolutionConfigurationPlatforms) = preSolution
		Debug|Any CPU = Debug|Any CPU
		Release|Any CPU = Release|Any CPU
	EndGlobalSection
	GlobalSection(ProjectConfigurationPlatforms) = postSolution
		{59B93B6F-4741-4006-B42C-F947AB00069D}.Debug|Any CPU.ActiveCfg = Debug|Any CPU
		{59B93B6F-4741-4006-B42C-F947AB00069D}.Debug|Any CPU.Build.0 = Debug|Any CPU
		{59B93B6F-4741-4006-B42C-F947AB00069D}.Release|Any CPU.ActiveCfg = Release|Any CPU
		{59B93B6F-4741-4006-B42C-F947AB00069D}.Release|Any CPU.Build.0 = Release|Any CPU
		{ECE96C55-7D8A-4790-81D5-DD6C71FAB16D}.Debug|Any CPU.ActiveCfg = Debug|Any CPU
		{ECE96C55-7D8A-4790-81D5-DD6C71FAB16D}.Debug|Any CPU.Build.0 = Debug|Any CPU
		{ECE96C55-7D8A-4790-81D5-DD6C71FAB16D}.Release|Any CPU.ActiveCfg = Release|Any CPU
		{ECE96C55-7D8A-4790-81D5-DD6C71FAB16D}.Release|Any CPU.Build.0 = Release|Any CPU
		{3A861284-4DF3-43C6-AC93-E6AD1BF3897A}.Debug|Any CPU.ActiveCfg = Debug|Any CPU
		{3A861284-4DF3-43C6-AC93-E6AD1BF3897A}.Debug|Any CPU.Build.0 = Debug|Any CPU
		{3A861284-4DF3-43C6-AC93-E6AD1BF3897A}.Release|Any CPU.ActiveCfg = Release|Any CPU
		{3A861284-4DF3-43C6-AC93-E6AD1BF3897A}.Release|Any CPU.Build.0 = Release|Any CPU
		{58C5E3F2-D093-46CB-9BE4-17053B7B3A39}.Debug|Any CPU.ActiveCfg = Debug|Any CPU
		{58C5E3F2-D093-46CB-9BE4-17053B7B3A39}.Debug|Any CPU.Build.0 = Debug|Any CPU
		{58C5E3F2-D093-46CB-9BE4-17053B7B3A39}.Release|Any CPU.ActiveCfg = Release|Any CPU
		{58C5E3F2-D093-46CB-9BE4-17053B7B3A39}.Release|Any CPU.Build.0 = Release|Any CPU
		{D92D2BCD-21FA-4DF6-91DE-47E6EA03B943}.Debug|Any CPU.ActiveCfg = Debug|Any CPU
		{D92D2BCD-21FA-4DF6-91DE-47E6EA03B943}.Debug|Any CPU.Build.0 = Debug|Any CPU
		{D92D2BCD-21FA-4DF6-91DE-47E6EA03B943}.Release|Any CPU.ActiveCfg = Release|Any CPU
		{D92D2BCD-21FA-4DF6-91DE-47E6EA03B943}.Release|Any CPU.Build.0 = Release|Any CPU
	EndGlobalSection
	GlobalSection(SolutionProperties) = preSolution
		HideSolutionNode = FALSE
	EndGlobalSection
	GlobalSection(ExtensibilityGlobals) = postSolution
		SolutionGuid = {6F640494-A31D-464B-8417-AB29903D6480}
	EndGlobalSection
EndGlobal
